
Microsoft Visual Studio Solution File, Format Version 12.00
# Visual Studio Version 16
VisualStudioVersion = 16.0.30114.105
MinimumVisualStudioVersion = 10.0.40219.1
Project("{FAE04EC0-301F-11D3-BF4B-00C04F79EFBC}") = "OTCSAT", "OTCSAT\OTCSAT.csproj", "{98A1C81E-E946-45C5-AAAE-FCFA07FDEB06}"
EndProject
Project("{FAE04EC0-301F-11D3-BF4B-00C04F79EFBC}") = "OTCSATServices", "OTCSATServices\OTCSATServices.csproj", "{CAAF8ED1-A954-411D-9BDC-1971AE46F0D1}"
EndProject
Global
	GlobalSection(SolutionConfigurationPlatforms) = preSolution
		Debug|Any CPU = Debug|Any CPU
		Release|Any CPU = Release|Any CPU
	EndGlobalSection
	GlobalSection(ProjectConfigurationPlatforms) = postSolution
		{98A1C81E-E946-45C5-AAAE-FCFA07FDEB06}.Debug|Any CPU.ActiveCfg = Debug|Any CPU
		{98A1C81E-E946-45C5-AAAE-FCFA07FDEB06}.Debug|Any CPU.Build.0 = Debug|Any CPU
		{98A1C81E-E946-45C5-AAAE-FCFA07FDEB06}.Release|Any CPU.ActiveCfg = Release|Any CPU
		{98A1C81E-E946-45C5-AAAE-FCFA07FDEB06}.Release|Any CPU.Build.0 = Release|Any CPU
		{CAAF8ED1-A954-411D-9BDC-1971AE46F0D1}.Debug|Any CPU.ActiveCfg = Debug|Any CPU
		{CAAF8ED1-A954-411D-9BDC-1971AE46F0D1}.Debug|Any CPU.Build.0 = Debug|Any CPU
		{CAAF8ED1-A954-411D-9BDC-1971AE46F0D1}.Release|Any CPU.ActiveCfg = Release|Any CPU
		{CAAF8ED1-A954-411D-9BDC-1971AE46F0D1}.Release|Any CPU.Build.0 = Release|Any CPU
	EndGlobalSection
	GlobalSection(SolutionProperties) = preSolution
		HideSolutionNode = FALSE
	EndGlobalSection
	GlobalSection(ExtensibilityGlobals) = postSolution
		SolutionGuid = {E0894E87-71D1-43E6-87A2-B46D911F7A10}
	EndGlobalSection
EndGlobal
